
Microsoft Visual Studio Solution File, Format Version 12.00
# Visual Studio Version 16
VisualStudioVersion = 16.0.34729.46
MinimumVisualStudioVersion = 10.0.40219.1
Project("{FAE04EC0-301F-11D3-BF4B-00C04F79EFBC}") = "lesson02_VHN", "lesson02_VHN\lesson02_VHN.csproj", "{2B662356-B681-45E1-B3E6-AB0303E56568}"
EndProject
Global
	GlobalSection(SolutionConfigurationPlatforms) = preSolution
		Debug|Any CPU = Debug|Any CPU
		Release|Any CPU = Release|Any CPU
	EndGlobalSection
	GlobalSection(ProjectConfigurationPlatforms) = postSolution
		{2B662356-B681-45E1-B3E6-AB0303E56568}.Debug|Any CPU.ActiveCfg = Debug|Any CPU
		{2B662356-B681-45E1-B3E6-AB0303E56568}.Debug|Any CPU.Build.0 = Debug|Any CPU
		{2B662356-B681-45E1-B3E6-AB0303E56568}.Release|Any CPU.ActiveCfg = Release|Any CPU
		{2B662356-B681-45E1-B3E6-AB0303E56568}.Release|Any CPU.Build.0 = Release|Any CPU
	EndGlobalSection
	GlobalSection(SolutionProperties) = preSolution
		HideSolutionNode = FALSE
	EndGlobalSection
	GlobalSection(ExtensibilityGlobals) = postSolution
		SolutionGuid = {61F1ED6F-D47C-4F1B-BE8E-ED87C0535044}
	EndGlobalSection
EndGlobal
