
Microsoft Visual Studio Solution File, Format Version 12.00
# Visual Studio Version 16
VisualStudioVersion = 16.0.34729.46
MinimumVisualStudioVersion = 10.0.40219.1
Project("{FAE04EC0-301F-11D3-BF4B-00C04F79EFBC}") = "lesson08", "lesson08\lesson08.csproj", "{1295A346-9CA9-4E2E-B8E3-FAC7FF73905F}"
EndProject
Global
	GlobalSection(SolutionConfigurationPlatforms) = preSolution
		Debug|Any CPU = Debug|Any CPU
		Release|Any CPU = Release|Any CPU
	EndGlobalSection
	GlobalSection(ProjectConfigurationPlatforms) = postSolution
		{1295A346-9CA9-4E2E-B8E3-FAC7FF73905F}.Debug|Any CPU.ActiveCfg = Debug|Any CPU
		{1295A346-9CA9-4E2E-B8E3-FAC7FF73905F}.Debug|Any CPU.Build.0 = Debug|Any CPU
		{1295A346-9CA9-4E2E-B8E3-FAC7FF73905F}.Release|Any CPU.ActiveCfg = Release|Any CPU
		{1295A346-9CA9-4E2E-B8E3-FAC7FF73905F}.Release|Any CPU.Build.0 = Release|Any CPU
	EndGlobalSection
	GlobalSection(SolutionProperties) = preSolution
		HideSolutionNode = FALSE
	EndGlobalSection
	GlobalSection(ExtensibilityGlobals) = postSolution
		SolutionGuid = {974E1E72-0F0A-4B6F-B6D8-4595BB1CE76F}
	EndGlobalSection
EndGlobal
