
Microsoft Visual Studio Solution File, Format Version 12.00
# Visual Studio Version 16
VisualStudioVersion = 16.0.34729.46
MinimumVisualStudioVersion = 10.0.40219.1
Project("{FAE04EC0-301F-11D3-BF4B-00C04F79EFBC}") = "lesson03_VHN", "lesson03_VHN\lesson03_VHN.csproj", "{419A95AD-97D2-4173-BCA6-7D3426CF1A17}"
EndProject
Global
	GlobalSection(SolutionConfigurationPlatforms) = preSolution
		Debug|Any CPU = Debug|Any CPU
		Release|Any CPU = Release|Any CPU
	EndGlobalSection
	GlobalSection(ProjectConfigurationPlatforms) = postSolution
		{419A95AD-97D2-4173-BCA6-7D3426CF1A17}.Debug|Any CPU.ActiveCfg = Debug|Any CPU
		{419A95AD-97D2-4173-BCA6-7D3426CF1A17}.Debug|Any CPU.Build.0 = Debug|Any CPU
		{419A95AD-97D2-4173-BCA6-7D3426CF1A17}.Release|Any CPU.ActiveCfg = Release|Any CPU
		{419A95AD-97D2-4173-BCA6-7D3426CF1A17}.Release|Any CPU.Build.0 = Release|Any CPU
	EndGlobalSection
	GlobalSection(SolutionProperties) = preSolution
		HideSolutionNode = FALSE
	EndGlobalSection
	GlobalSection(ExtensibilityGlobals) = postSolution
		SolutionGuid = {B4AC28B8-70DD-4C35-ACEB-F0FB0F0EE9FE}
	EndGlobalSection
EndGlobal
